{
  "name": "mondeto-wasm-samples",
  "version": "0.0.0",
  "lockfileVersion": 1,
  "requires": true,
  "dependencies": {
    "assemblyscript": {
      "version": "0.14.11",
      "resolved": "https://registry.npmjs.org/assemblyscript/-/assemblyscript-0.14.11.tgz",
      "integrity": "sha512-If7HuhmV5thbOBJH13fP4aPmazYeVXkEuzdZZRgknIBeOkObXWB4v3/rpGPFxkNW4Q5+rc2YWefjOdWK8OVIig==",
      "dev": true,
      "requires": {
        "binaryen": "97.0.0-nightly.20200919",
        "long": "^4.0.0"
      }
    },
    "binaryen": {
      "version": "97.0.0-nightly.20200919",
      "resolved": "https://registry.npmjs.org/binaryen/-/binaryen-97.0.0-nightly.20200919.tgz",
      "integrity": "sha512-BqKZxONTh53SVl2QUqVidoSo/nvL6FMKUG21SvB6V46M1Y6EbJrXES5Nt2c9XYveWpJjA297zIoxTUdI/PMDSA==",
      "dev": true
    },
    "long": {
      "version": "4.0.0",
      "resolved": "https://registry.npmjs.org/long/-/long-4.0.0.tgz",
      "integrity": "sha512-XsP+KhQif4bjX1kbuSiySJFNAehNxgLb6hPRGJ9QsUr8ajHkuXGdrHmFUTUUXhDwVX2R5bY4JNZEwbUiMhV+MA==",
      "dev": true
    }
  }
}
