{
  "name": "mondeto-wasm-samples",
  "version": "0.0.0",
  "lockfileVersion": 1,
  "requires": true,
  "dependencies": {
    "assemblyscript": {
      "version": "0.14.10",
      "resolved": "https://registry.npmjs.org/assemblyscript/-/assemblyscript-0.14.10.tgz",
      "integrity": "sha512-XQT2Hpf6bZtf9Cd1OdJ4rVQF3m80WBQUERnNRjymzKAFCYBpgKVAlVG8TDEhfzct+Bs4hsiS736G02K9cNzMaA==",
      "dev": true,
      "requires": {
        "binaryen": "95.0.0-nightly.20200813",
        "long": "^4.0.0"
      }
    },
    "binaryen": {
      "version": "95.0.0-nightly.20200813",
      "resolved": "https://registry.npmjs.org/binaryen/-/binaryen-95.0.0-nightly.20200813.tgz",
      "integrity": "sha512-xY+fhSAkVxptBoQAn9X4o21zTFycOjc+PeqbWSwcDqrSmXBXUMeq7qHhz4EWSWlFDKobHeUaiIbzLzlmciDWHw==",
      "dev": true
    },
    "long": {
      "version": "4.0.0",
      "resolved": "https://registry.npmjs.org/long/-/long-4.0.0.tgz",
      "integrity": "sha512-XsP+KhQif4bjX1kbuSiySJFNAehNxgLb6hPRGJ9QsUr8ajHkuXGdrHmFUTUUXhDwVX2R5bY4JNZEwbUiMhV+MA==",
      "dev": true
    }
  }
}
